
Microsoft Visual Studio Solution File, Format Version 12.00
# Visual Studio Version 16
VisualStudioVersion = 16.0.30711.63
MinimumVisualStudioVersion = 10.0.40219.1
Project("{9A19103F-16F7-4668-BE54-9A1E7A4F7556}") = "SpaInspector", "SpaInspector\SpaInspector.csproj", "{9920106C-8ADD-4C6D-9296-A9EBAAF6C826}"
EndProject
Project("{9A19103F-16F7-4668-BE54-9A1E7A4F7556}") = "SpaFileReader", "SpaFileReader\SpaFileReader.csproj", "{19EA9E94-D5A2-41A9-8AF4-78FA926EB756}"
EndProject
Project("{9A19103F-16F7-4668-BE54-9A1E7A4F7556}") = "SpaFileReader.Tests", "SpaFileReader.Tests\SpaFileReader.Tests.csproj", "{57FB32EE-03CD-4D01-AE3A-00E3F5D57E9D}"
EndProject
Project("{9A19103F-16F7-4668-BE54-9A1E7A4F7556}") = "SpaFileReader.Benchmark", "SpaFileReader.Benchmark\SpaFileReader.Benchmark.csproj", "{334B0623-2FB7-40AE-BEC1-303DC9569C31}"
EndProject
Project("{9A19103F-16F7-4668-BE54-9A1E7A4F7556}") = "SpaInspectorReader", "SpaInspectorReader\SpaInspectorReader.csproj", "{582536AC-3356-4167-B5C9-D59E353394E5}"
EndProject
Project("{9A19103F-16F7-4668-BE54-9A1E7A4F7556}") = "SpaTestUtils", "SpaTestUtils\SpaTestUtils.csproj", "{B6F5CDB1-E497-47CA-94E8-53BB780383D7}"
EndProject
Project("{9A19103F-16F7-4668-BE54-9A1E7A4F7556}") = "SpaInspectorReader.Tests", "SpaInspectorReader.Tests\SpaInspectorReader.Tests.csproj", "{C9C2C7F4-755E-4380-B507-420D47AFF220}"
EndProject
Global
	GlobalSection(SolutionConfigurationPlatforms) = preSolution
		Debug|Any CPU = Debug|Any CPU
		Release|Any CPU = Release|Any CPU
	EndGlobalSection
	GlobalSection(ProjectConfigurationPlatforms) = postSolution
		{9920106C-8ADD-4C6D-9296-A9EBAAF6C826}.Debug|Any CPU.ActiveCfg = Debug|Any CPU
		{9920106C-8ADD-4C6D-9296-A9EBAAF6C826}.Debug|Any CPU.Build.0 = Debug|Any CPU
		{9920106C-8ADD-4C6D-9296-A9EBAAF6C826}.Release|Any CPU.ActiveCfg = Release|Any CPU
		{9920106C-8ADD-4C6D-9296-A9EBAAF6C826}.Release|Any CPU.Build.0 = Release|Any CPU
		{19EA9E94-D5A2-41A9-8AF4-78FA926EB756}.Debug|Any CPU.ActiveCfg = Debug|Any CPU
		{19EA9E94-D5A2-41A9-8AF4-78FA926EB756}.Debug|Any CPU.Build.0 = Debug|Any CPU
		{19EA9E94-D5A2-41A9-8AF4-78FA926EB756}.Release|Any CPU.ActiveCfg = Release|Any CPU
		{19EA9E94-D5A2-41A9-8AF4-78FA926EB756}.Release|Any CPU.Build.0 = Release|Any CPU
		{57FB32EE-03CD-4D01-AE3A-00E3F5D57E9D}.Debug|Any CPU.ActiveCfg = Debug|Any CPU
		{57FB32EE-03CD-4D01-AE3A-00E3F5D57E9D}.Debug|Any CPU.Build.0 = Debug|Any CPU
		{57FB32EE-03CD-4D01-AE3A-00E3F5D57E9D}.Release|Any CPU.ActiveCfg = Release|Any CPU
		{57FB32EE-03CD-4D01-AE3A-00E3F5D57E9D}.Release|Any CPU.Build.0 = Release|Any CPU
		{334B0623-2FB7-40AE-BEC1-303DC9569C31}.Debug|Any CPU.ActiveCfg = Debug|Any CPU
		{334B0623-2FB7-40AE-BEC1-303DC9569C31}.Debug|Any CPU.Build.0 = Debug|Any CPU
		{334B0623-2FB7-40AE-BEC1-303DC9569C31}.Release|Any CPU.ActiveCfg = Release|Any CPU
		{334B0623-2FB7-40AE-BEC1-303DC9569C31}.Release|Any CPU.Build.0 = Release|Any CPU
		{582536AC-3356-4167-B5C9-D59E353394E5}.Debug|Any CPU.ActiveCfg = Debug|Any CPU
		{582536AC-3356-4167-B5C9-D59E353394E5}.Debug|Any CPU.Build.0 = Debug|Any CPU
		{582536AC-3356-4167-B5C9-D59E353394E5}.Release|Any CPU.ActiveCfg = Release|Any CPU
		{582536AC-3356-4167-B5C9-D59E353394E5}.Release|Any CPU.Build.0 = Release|Any CPU
		{B6F5CDB1-E497-47CA-94E8-53BB780383D7}.Debug|Any CPU.ActiveCfg = Debug|Any CPU
		{B6F5CDB1-E497-47CA-94E8-53BB780383D7}.Debug|Any CPU.Build.0 = Debug|Any CPU
		{B6F5CDB1-E497-47CA-94E8-53BB780383D7}.Release|Any CPU.ActiveCfg = Release|Any CPU
		{B6F5CDB1-E497-47CA-94E8-53BB780383D7}.Release|Any CPU.Build.0 = Release|Any CPU
		{C9C2C7F4-755E-4380-B507-420D47AFF220}.Debug|Any CPU.ActiveCfg = Debug|Any CPU
		{C9C2C7F4-755E-4380-B507-420D47AFF220}.Debug|Any CPU.Build.0 = Debug|Any CPU
		{C9C2C7F4-755E-4380-B507-420D47AFF220}.Release|Any CPU.ActiveCfg = Release|Any CPU
		{C9C2C7F4-755E-4380-B507-420D47AFF220}.Release|Any CPU.Build.0 = Release|Any CPU
	EndGlobalSection
	GlobalSection(SolutionProperties) = preSolution
		HideSolutionNode = FALSE
	EndGlobalSection
	GlobalSection(ExtensibilityGlobals) = postSolution
		SolutionGuid = {FDBA46FB-3BA1-4AF7-9ADC-E4196AE40C7A}
	EndGlobalSection
EndGlobal
